// !$*UTF8*$!
{
	archiveVersion = 1;
	classes = {
	};
	objectVersion = 46;
	objects = {

/* Begin PBXBuildFile section */
		C74AF99C1EB1D5DB0072C1B4 /* Extensions.swift in Sources */ = {isa = PBXBuildFile; fileRef = C74AF99B1EB1D5DB0072C1B4 /* Extensions.swift */; };
		C74AF99F1EB1D6310072C1B4 /* VideoCell.swift in Sources */ = {isa = PBXBuildFile; fileRef = C74AF99E1EB1D6310072C1B4 /* VideoCell.swift */; };
		C74AF9A21EB1FB530072C1B4 /* MenuBar.swift in Sources */ = {isa = PBXBuildFile; fileRef = C74AF9A11EB1FB530072C1B4 /* MenuBar.swift */; };
		C7B73C2D1EAE4EDC002344E4 /* AppDelegate.swift in Sources */ = {isa = PBXBuildFile; fileRef = C7B73C2C1EAE4EDC002344E4 /* AppDelegate.swift */; };
		C7B73C2F1EAE4EDC002344E4 /* HomeController.swift in Sources */ = {isa = PBXBuildFile; fileRef = C7B73C2E1EAE4EDC002344E4 /* HomeController.swift */; };
		C7B73C321EAE4EDC002344E4 /* Main.storyboard in Resources */ = {isa = PBXBuildFile; fileRef = C7B73C301EAE4EDC002344E4 /* Main.storyboard */; };
		C7B73C341EAE4EDC002344E4 /* Assets.xcassets in Resources */ = {isa = PBXBuildFile; fileRef = C7B73C331EAE4EDC002344E4 /* Assets.xcassets */; };
		C7B73C371EAE4EDC002344E4 /* LaunchScreen.storyboard in Resources */ = {isa = PBXBuildFile; fileRef = C7B73C351EAE4EDC002344E4 /* LaunchScreen.storyboard */; };
/* End PBXBuildFile section */

/* Begin PBXFileReference section */
		C74AF99B1EB1D5DB0072C1B4 /* Extensions.swift */ = {isa = PBXFileReference; fileEncoding = 4; lastKnownFileType = sourcecode.swift; path = Extensions.swift; sourceTree = "<group>"; };
		C74AF99E1EB1D6310072C1B4 /* VideoCell.swift */ = {isa = PBXFileReference; fileEncoding = 4; lastKnownFileType = sourcecode.swift; path = VideoCell.swift; sourceTree = "<group>"; };
		C74AF9A11EB1FB530072C1B4 /* MenuBar.swift */ = {isa = PBXFileReference; fileEncoding = 4; lastKnownFileType = sourcecode.swift; path = MenuBar.swift; sourceTree = "<group>"; };
		C7B73C291EAE4EDC002344E4 /* YoutubeApp.app */ = {isa = PBXFileReference; explicitFileType = wrapper.application; includeInIndex = 0; path = YoutubeApp.app; sourceTree = BUILT_PRODUCTS_DIR; };
		C7B73C2C1EAE4EDC002344E4 /* AppDelegate.swift */ = {isa = PBXFileReference; lastKnownFileType = sourcecode.swift; path = AppDelegate.swift; sourceTree = "<group>"; };
		C7B73C2E1EAE4EDC002344E4 /* HomeController.swift */ = {isa = PBXFileReference; lastKnownFileType = sourcecode.swift; path = HomeController.swift; sourceTree = "<group>"; };
		C7B73C311EAE4EDC002344E4 /* Base */ = {isa = PBXFileReference; lastKnownFileType = file.storyboard; name = Base; path = Base.lproj/Main.storyboard; sourceTree = "<group>"; };
		C7B73C331EAE4EDC002344E4 /* Assets.xcassets */ = {isa = PBXFileReference; lastKnownFileType = folder.assetcatalog; path = Assets.xcassets; sourceTree = "<group>"; };
		C7B73C361EAE4EDC002344E4 /* Base */ = {isa = PBXFileReference; lastKnownFileType = file.storyboard; name = Base; path = Base.lproj/LaunchScreen.storyboard; sourceTree = "<group>"; };
		C7B73C381EAE4EDC002344E4 /* Info.plist */ = {isa = PBXFileReference; lastKnownFileType = text.plist.xml; path = Info.plist; sourceTree = "<group>"; };
/* End PBXFileReference section */

/* Begin PBXFrameworksBuildPhase section */
		C7B73C261EAE4EDC002344E4 /* Frameworks */ = {
			isa = PBXFrameworksBuildPhase;
			buildActionMask = 2147483647;
			files = (
			);
			runOnlyForDeploymentPostprocessing = 0;
		};
/* End PBXFrameworksBuildPhase section */

/* Begin PBXGroup section */
		C74AF99A1EB1D5950072C1B4 /* Helper */ = {
			isa = PBXGroup;
			children = (
				C74AF99B1EB1D5DB0072C1B4 /* Extensions.swift */,
			);
			name = Helper;
			sourceTree = "<group>";
		};
		C74AF99D1EB1D6190072C1B4 /* View */ = {
			isa = PBXGroup;
			children = (
				C74AF99E1EB1D6310072C1B4 /* VideoCell.swift */,
				C74AF9A11EB1FB530072C1B4 /* MenuBar.swift */,
			);
			name = View;
			sourceTree = "<group>";
		};
		C74AF9A01EB1DD770072C1B4 /* Controller */ = {
			isa = PBXGroup;
			children = (
				C7B73C2E1EAE4EDC002344E4 /* HomeController.swift */,
			);
			name = Controller;
			sourceTree = "<group>";
		};
		C7B73C201EAE4EDC002344E4 = {
			isa = PBXGroup;
			children = (
				C7B73C2B1EAE4EDC002344E4 /* YoutubeApp */,
				C7B73C2A1EAE4EDC002344E4 /* Products */,
			);
			sourceTree = "<group>";
		};
		C7B73C2A1EAE4EDC002344E4 /* Products */ = {
			isa = PBXGroup;
			children = (
				C7B73C291EAE4EDC002344E4 /* YoutubeApp.app */,
			);
			name = Products;
			sourceTree = "<group>";
		};
		C7B73C2B1EAE4EDC002344E4 /* YoutubeApp */ = {
			isa = PBXGroup;
			children = (
				C74AF9A01EB1DD770072C1B4 /* Controller */,
				C74AF99D1EB1D6190072C1B4 /* View */,
				C74AF99A1EB1D5950072C1B4 /* Helper */,
				C7B73C2C1EAE4EDC002344E4 /* AppDelegate.swift */,
				C7B73C301EAE4EDC002344E4 /* Main.storyboard */,
				C7B73C331EAE4EDC002344E4 /* Assets.xcassets */,
				C7B73C351EAE4EDC002344E4 /* LaunchScreen.storyboard */,
				C7B73C381EAE4EDC002344E4 /* Info.plist */,
			);
			path = YoutubeApp;
			sourceTree = "<group>";
		};
/* End PBXGroup section */

/* Begin PBXNativeTarget section */
		C7B73C281EAE4EDC002344E4 /* YoutubeApp */ = {
			isa = PBXNativeTarget;
			buildConfigurationList = C7B73C3B1EAE4EDC002344E4 /* Build configuration list for PBXNativeTarget "YoutubeApp" */;
			buildPhases = (
				C7B73C251EAE4EDC002344E4 /* Sources */,
				C7B73C261EAE4EDC002344E4 /* Frameworks */,
				C7B73C271EAE4EDC002344E4 /* Resources */,
			);
			buildRules = (
			);
			dependencies = (
			);
			name = YoutubeApp;
			productName = YoutubeApp;
			productReference = C7B73C291EAE4EDC002344E4 /* YoutubeApp.app */;
			productType = "com.apple.product-type.application";
		};
/* End PBXNativeTarget section */

/* Begin PBXProject section */
		C7B73C211EAE4EDC002344E4 /* Project object */ = {
			isa = PBXProject;
			attributes = {
				LastSwiftUpdateCheck = 0820;
				LastUpgradeCheck = 0820;
				ORGANIZATIONNAME = TTung;
				TargetAttributes = {
					C7B73C281EAE4EDC002344E4 = {
						CreatedOnToolsVersion = 8.2.1;
						DevelopmentTeam = 7MRXJH2RYW;
						ProvisioningStyle = Automatic;
					};
				};
			};
			buildConfigurationList = C7B73C241EAE4EDC002344E4 /* Build configuration list for PBXProject "YoutubeApp" */;
			compatibilityVersion = "Xcode 3.2";
			developmentRegion = English;
			hasScannedForEncodings = 0;
			knownRegions = (
				en,
				Base,
			);
			mainGroup = C7B73C201EAE4EDC002344E4;
			productRefGroup = C7B73C2A1EAE4EDC002344E4 /* Products */;
			projectDirPath = "";
			projectRoot = "";
			targets = (
				C7B73C281EAE4EDC002344E4 /* YoutubeApp */,
			);
		};
/* End PBXProject section */

/* Begin PBXResourcesBuildPhase section */
		C7B73C271EAE4EDC002344E4 /* Resources */ = {
			isa = PBXResourcesBuildPhase;
			buildActionMask = 2147483647;
			files = (
				C7B73C371EAE4EDC002344E4 /* LaunchScreen.storyboard in Resources */,
				C7B73C341EAE4EDC002344E4 /* Assets.xcassets in Resources */,
				C7B73C321EAE4EDC002344E4 /* Main.storyboard in Resources */,
			);
			runOnlyForDeploymentPostprocessing = 0;
		};
/* End PBXResourcesBuildPhase section */

/* Begin PBXSourcesBuildPhase section */
		C7B73C251EAE4EDC002344E4 /* Sources */ = {
			isa = PBXSourcesBuildPhase;
			buildActionMask = 2147483647;
			files = (
				C7B73C2F1EAE4EDC002344E4 /* HomeController.swift in Sources */,
				C74AF99F1EB1D6310072C1B4 /* VideoCell.swift in Sources */,
				C74AF99C1EB1D5DB0072C1B4 /* Extensions.swift in Sources */,
				C7B73C2D1EAE4EDC002344E4 /* AppDelegate.swift in Sources */,
				C74AF9A21EB1FB530072C1B4 /* MenuBar.swift in Sources */,
			);
			runOnlyForDeploymentPostprocessing = 0;
		};
/* End PBXSourcesBuildPhase section */

/* Begin PBXVariantGroup section */
		C7B73C301EAE4EDC002344E4 /* Main.storyboard */ = {
			isa = PBXVariantGroup;
			children = (
				C7B73C311EAE4EDC002344E4 /* Base */,
			);
			name = Main.storyboard;
			sourceTree = "<group>";
		};
		C7B73C351EAE4EDC002344E4 /* LaunchScreen.storyboard */ = {
			isa = PBXVariantGroup;
			children = (
				C7B73C361EAE4EDC002344E4 /* Base */,
			);
			name = LaunchScreen.storyboard;
			sourceTree = "<group>";
		};
/* End PBXVariantGroup section */

/* Begin XCBuildConfiguration section */
		C7B73C391EAE4EDC002344E4 /* Debug */ = {
			isa = XCBuildConfiguration;
			buildSettings = {
				ALWAYS_SEARCH_USER_PATHS = NO;
				CLANG_ANALYZER_NONNULL = YES;
				CLANG_CXX_LANGUAGE_STANDARD = "gnu++0x";
				CLANG_CXX_LIBRARY = "libc++";
				CLANG_ENABLE_MODULES = YES;
				CLANG_ENABLE_OBJC_ARC = YES;
				CLANG_WARN_BOOL_CONVERSION = YES;
				CLANG_WARN_CONSTANT_CONVERSION = YES;
				CLANG_WARN_DIRECT_OBJC_ISA_USAGE = YES_ERROR;
				CLANG_WARN_DOCUMENTATION_COMMENTS = YES;
				CLANG_WARN_EMPTY_BODY = YES;
				CLANG_WARN_ENUM_CONVERSION = YES;
				CLANG_WARN_INFINITE_RECURSION = YES;
				CLANG_WARN_INT_CONVERSION = YES;
				CLANG_WARN_OBJC_ROOT_CLASS = YES_ERROR;
				CLANG_WARN_SUSPICIOUS_MOVE = YES;
				CLANG_WARN_UNREACHABLE_CODE = YES;
				CLANG_WARN__DUPLICATE_METHOD_MATCH = YES;
				"CODE_SIGN_IDENTITY[sdk=iphoneos*]" = "iPhone Developer";
				COPY_PHASE_STRIP = NO;
				DEBUG_INFORMATION_FORMAT = dwarf;
				ENABLE_STRICT_OBJC_MSGSEND = YES;
				ENABLE_TESTABILITY = YES;
				GCC_C_LANGUAGE_STANDARD = gnu99;
				GCC_DYNAMIC_NO_PIC = NO;
				GCC_NO_COMMON_BLOCKS = YES;
				GCC_OPTIMIZATION_LEVEL = 0;
				GCC_PREPROCESSOR_DEFINITIONS = (
					"DEBUG=1",
					"$(inherited)",
				);
				GCC_WARN_64_TO_32_BIT_CONVERSION = YES;
				GCC_WARN_ABOUT_RETURN_TYPE = YES_ERROR;
				GCC_WARN_UNDECLARED_SELECTOR = YES;
				GCC_WARN_UNINITIALIZED_AUTOS = YES_AGGRESSIVE;
				GCC_WARN_UNUSED_FUNCTION = YES;
				GCC_WARN_UNUSED_VARIABLE = YES;
				IPHONEOS_DEPLOYMENT_TARGET = 10.2;
				MTL_ENABLE_DEBUG_INFO = YES;
				ONLY_ACTIVE_ARCH = YES;
				SDKROOT = iphoneos;
				SWIFT_ACTIVE_COMPILATION_CONDITIONS = DEBUG;
				SWIFT_OPTIMIZATION_LEVEL = "-Onone";
				TARGETED_DEVICE_FAMILY = "1,2";
			};
			name = Debug;
		};
		C7B73C3A1EAE4EDC002344E4 /* Release */ = {
			isa = XCBuildConfiguration;
			buildSettings = {
				ALWAYS_SEARCH_USER_PATHS = NO;
				CLANG_ANALYZER_NONNULL = YES;
				CLANG_CXX_LANGUAGE_STANDARD = "gnu++0x";
				CLANG_CXX_LIBRARY = "libc++";
				CLANG_ENABLE_MODULES = YES;
				CLANG_ENABLE_OBJC_ARC = YES;
				CLANG_WARN_BOOL_CONVERSION = YES;
				CLANG_WARN_CONSTANT_CONVERSION = YES;
				CLANG_WARN_DIRECT_OBJC_ISA_USAGE = YES_ERROR;
				CLANG_WARN_DOCUMENTATION_COMMENTS = YES;
				CLANG_WARN_EMPTY_BODY = YES;
				CLANG_WARN_ENUM_CONVERSION = YES;
				CLANG_WARN_INFINITE_RECURSION = YES;
				CLANG_WARN_INT_CONVERSION = YES;
				CLANG_WARN_OBJC_ROOT_CLASS = YES_ERROR;
				CLANG_WARN_SUSPICIOUS_MOVE = YES;
				CLANG_WARN_UNREACHABLE_CODE = YES;
				CLANG_WARN__DUPLICATE_METHOD_MATCH = YES;
				"CODE_SIGN_IDENTITY[sdk=iphoneos*]" = "iPhone Developer";
				COPY_PHASE_STRIP = NO;
				DEBUG_INFORMATION_FORMAT = "dwarf-with-dsym";
				ENABLE_NS_ASSERTIONS = NO;
				ENABLE_STRICT_OBJC_MSGSEND = YES;
				GCC_C_LANGUAGE_STANDARD = gnu99;
				GCC_NO_COMMON_BLOCKS = YES;
				GCC_WARN_64_TO_32_BIT_CONVERSION = YES;
				GCC_WARN_ABOUT_RETURN_TYPE = YES_ERROR;
				GCC_WARN_UNDECLARED_SELECTOR = YES;
				GCC_WARN_UNINITIALIZED_AUTOS = YES_AGGRESSIVE;
				GCC_WARN_UNUSED_FUNCTION = YES;
				GCC_WARN_UNUSED_VARIABLE = YES;
				IPHONEOS_DEPLOYMENT_TARGET = 10.2;
				MTL_ENABLE_DEBUG_INFO = NO;
				SDKROOT = iphoneos;
				SWIFT_OPTIMIZATION_LEVEL = "-Owholemodule";
				TARGETED_DEVICE_FAMILY = "1,2";
				VALIDATE_PRODUCT = YES;
			};
			name = Release;
		};
		C7B73C3C1EAE4EDC002344E4 /* Debug */ = {
			isa = XCBuildConfiguration;
			buildSettings = {
				ASSETCATALOG_COMPILER_APPICON_NAME = AppIcon;
				DEVELOPMENT_TEAM = 7MRXJH2RYW;
				INFOPLIST_FILE = YoutubeApp/Info.plist;
				IPHONEOS_DEPLOYMENT_TARGET = 9.0;
				LD_RUNPATH_SEARCH_PATHS = "$(inherited) @executable_path/Frameworks";
				PRODUCT_BUNDLE_IDENTIFIER = vn.edu.ttung.YoutubeApp;
				PRODUCT_NAME = "$(TARGET_NAME)";
				SWIFT_VERSION = 3.0;
			};
			name = Debug;
		};
		C7B73C3D1EAE4EDC002344E4 /* Release */ = {
			isa = XCBuildConfiguration;
			buildSettings = {
				ASSETCATALOG_COMPILER_APPICON_NAME = AppIcon;
				DEVELOPMENT_TEAM = 7MRXJH2RYW;
				INFOPLIST_FILE = YoutubeApp/Info.plist;
				IPHONEOS_DEPLOYMENT_TARGET = 9.0;
				LD_RUNPATH_SEARCH_PATHS = "$(inherited) @executable_path/Frameworks";
				PRODUCT_BUNDLE_IDENTIFIER = vn.edu.ttung.YoutubeApp;
				PRODUCT_NAME = "$(TARGET_NAME)";
				SWIFT_VERSION = 3.0;
			};
			name = Release;
		};
/* End XCBuildConfiguration section */

/* Begin XCConfigurationList section */
		C7B73C241EAE4EDC002344E4 /* Build configuration list for PBXProject "YoutubeApp" */ = {
			isa = XCConfigurationList;
			buildConfigurations = (
				C7B73C391EAE4EDC002344E4 /* Debug */,
				C7B73C3A1EAE4EDC002344E4 /* Release */,
			);
			defaultConfigurationIsVisible = 0;
			defaultConfigurationName = Release;
		};
		C7B73C3B1EAE4EDC002344E4 /* Build configuration list for PBXNativeTarget "YoutubeApp" */ = {
			isa = XCConfigurationList;
			buildConfigurations = (
				C7B73C3C1EAE4EDC002344E4 /* Debug */,
				C7B73C3D1EAE4EDC002344E4 /* Release */,
			);
			defaultConfigurationIsVisible = 0;
			defaultConfigurationName = Release;
		};
/* End XCConfigurationList section */
	};
	rootObject = C7B73C211EAE4EDC002344E4 /* Project object */;
}
